{
  "nodes": {
    "easy-purescript-nix": {
      "flake": false,
      "locked": {
        "lastModified": 1654121141,
        "narHash": "sha256-mkHIyWk5Xh54FqCU7CT3G/tnHF7mLbQt3EfnNCMCTO8=",
        "owner": "justinwoo",
        "repo": "easy-purescript-nix",
        "rev": "5dca2f0f3b9ec0bceabb23fa1fd2b5f8ec30fa53",
        "type": "github"
      },
      "original": {
        "owner": "justinwoo",
        "repo": "easy-purescript-nix",
        "type": "github"
      }
    },
    "flake-utils": {
      "locked": {
        "lastModified": 1656928814,
        "narHash": "sha256-RIFfgBuKz6Hp89yRr7+NR5tzIAbn52h8vT6vXkYjZoM=",
        "owner": "numtide",
        "repo": "flake-utils",
        "rev": "7e2a3b3dfd9af950a856d66b0a7d01e3c18aa249",
        "type": "github"
      },
      "original": {
        "owner": "numtide",
        "repo": "flake-utils",
        "type": "github"
      }
    },
    "nixpkgs": {
      "locked": {
        "lastModified": 1658380158,
        "narHash": "sha256-DBunkegKWlxPZiOcw3/SNIFg93amkdGIy2g0y/jDpHg=",
        "owner": "NixOS",
        "repo": "nixpkgs",
        "rev": "a65b5b3f5504b8b89c196aba733bdf2b0bd13c16",
        "type": "github"
      },
      "original": {
        "owner": "NixOS",
        "ref": "nixos-unstable",
        "repo": "nixpkgs",
        "type": "github"
      }
    },
    "root": {
      "inputs": {
        "easy-purescript-nix": "easy-purescript-nix",
        "flake-utils": "flake-utils",
        "nixpkgs": "nixpkgs"
      }
    }
  },
  "root": "root",
  "version": 7
}
